Microsoft Visual Studio Solution File, Format Version 11.00
# Visual Studio 2008

Project("{3F23AD2B-5BFB-9D66-2194-9C7E4233242B}") = "PushPush — stable", "Assembly-CSharp.csproj", "{DE5D0528-9286-7860-AD03-02ED52B98D7F}"
EndProject
Project("{3F23AD2B-5BFB-9D66-2194-9C7E4233242B}") = "PushPush — stable", "Assembly-CSharp-Editor.csproj", "{03F66619-93BC-FA9C-8597-24411E376B9F}"
EndProject
Global
	GlobalSection(SolutionConfigurationPlatforms) = preSolution
		Debug|Any CPU = Debug|Any CPU
		Release|Any CPU = Release|Any CPU
	EndGlobalSection
	GlobalSection(ProjectConfigurationPlatforms) = postSolution
		{DE5D0528-9286-7860-AD03-02ED52B98D7F}.Debug|Any CPU.ActiveCfg = Debug|Any CPU
		{DE5D0528-9286-7860-AD03-02ED52B98D7F}.Debug|Any CPU.Build.0 = Debug|Any CPU
		{DE5D0528-9286-7860-AD03-02ED52B98D7F}.Release|Any CPU.ActiveCfg = Release|Any CPU
		{DE5D0528-9286-7860-AD03-02ED52B98D7F}.Release|Any CPU.Build.0 = Release|Any CPU
		{03F66619-93BC-FA9C-8597-24411E376B9F}.Debug|Any CPU.ActiveCfg = Debug|Any CPU
		{03F66619-93BC-FA9C-8597-24411E376B9F}.Debug|Any CPU.Build.0 = Debug|Any CPU
		{03F66619-93BC-FA9C-8597-24411E376B9F}.Release|Any CPU.ActiveCfg = Release|Any CPU
		{03F66619-93BC-FA9C-8597-24411E376B9F}.Release|Any CPU.Build.0 = Release|Any CPU
	EndGlobalSection
	GlobalSection(SolutionProperties) = preSolution
		HideSolutionNode = FALSE
	EndGlobalSection
	GlobalSection(MonoDevelopProperties) = preSolution
		StartupItem = Assembly-CSharp.csproj
	EndGlobalSection
EndGlobal
